// !$*UTF8*$!
{
	archiveVersion = 1;
	classes = {
	};
	objectVersion = 55;
	objects = {

/* Begin PBXBuildFile section */
		F8286CC727405D6E00B5110D /* AppDelegate.swift in Sources */ = {isa = PBXBuildFile; fileRef = F8286CC627405D6E00B5110D /* AppDelegate.swift */; };
		F8286CC927405D6E00B5110D /* SceneDelegate.swift in Sources */ = {isa = PBXBuildFile; fileRef = F8286CC827405D6E00B5110D /* SceneDelegate.swift */; };
		F8286CCB27405D6E00B5110D /* ViewController.swift in Sources */ = {isa = PBXBuildFile; fileRef = F8286CCA27405D6E00B5110D /* ViewController.swift */; };
		F8286CCE27405D6E00B5110D /* Main.storyboard in Resources */ = {isa = PBXBuildFile; fileRef = F8286CCC27405D6E00B5110D /* Main.storyboard */; };
		F8286CD027405D7000B5110D /* Assets.xcassets in Resources */ = {isa = PBXBuildFile; fileRef = F8286CCF27405D7000B5110D /* Assets.xcassets */; };
		F8286CD327405D7000B5110D /* LaunchScreen.storyboard in Resources */ = {isa = PBXBuildFile; fileRef = F8286CD127405D7000B5110D /* LaunchScreen.storyboard */; };
		F8EF1757274067C70023B718 /* Model.swift in Sources */ = {isa = PBXBuildFile; fileRef = F8EF1756274067C70023B718 /* Model.swift */; };
		F8EF175E27406E420023B718 /* DataManager.swift in Sources */ = {isa = PBXBuildFile; fileRef = F8EF175D27406E420023B718 /* DataManager.swift */; };
/* End PBXBuildFile section */

/* Begin PBXFileReference section */
		F8286CC327405D6E00B5110D /* PlantControl.app */ = {isa = PBXFileReference; explicitFileType = wrapper.application; includeInIndex = 0; path = PlantControl.app; sourceTree = BUILT_PRODUCTS_DIR; };
		F8286CC627405D6E00B5110D /* AppDelegate.swift */ = {isa = PBXFileReference; lastKnownFileType = sourcecode.swift; path = AppDelegate.swift; sourceTree = "<group>"; };
		F8286CC827405D6E00B5110D /* SceneDelegate.swift */ = {isa = PBXFileReference; lastKnownFileType = sourcecode.swift; path = SceneDelegate.swift; sourceTree = "<group>"; };
		F8286CCA27405D6E00B5110D /* ViewController.swift */ = {isa = PBXFileReference; lastKnownFileType = sourcecode.swift; path = ViewController.swift; sourceTree = "<group>"; };
		F8286CCD27405D6E00B5110D /* Base */ = {isa = PBXFileReference; lastKnownFileType = file.storyboard; name = Base; path = Base.lproj/Main.storyboard; sourceTree = "<group>"; };
		F8286CCF27405D7000B5110D /* Assets.xcassets */ = {isa = PBXFileReference; lastKnownFileType = folder.assetcatalog; path = Assets.xcassets; sourceTree = "<group>"; };
		F8286CD227405D7000B5110D /* Base */ = {isa = PBXFileReference; lastKnownFileType = file.storyboard; name = Base; path = Base.lproj/LaunchScreen.storyboard; sourceTree = "<group>"; };
		F8286CD427405D7000B5110D /* Info.plist */ = {isa = PBXFileReference; lastKnownFileType = text.plist.xml; path = Info.plist; sourceTree = "<group>"; };
		F8EF1756274067C70023B718 /* Model.swift */ = {isa = PBXFileReference; lastKnownFileType = sourcecode.swift; path = Model.swift; sourceTree = "<group>"; };
		F8EF175D27406E420023B718 /* DataManager.swift */ = {isa = PBXFileReference; lastKnownFileType = sourcecode.swift; path = DataManager.swift; sourceTree = "<group>"; };
/* End PBXFileReference section */

/* Begin PBXFrameworksBuildPhase section */
		F8286CC027405D6E00B5110D /* Frameworks */ = {
			isa = PBXFrameworksBuildPhase;
			buildActionMask = 2147483647;
			files = (
			);
			runOnlyForDeploymentPostprocessing = 0;
		};
/* End PBXFrameworksBuildPhase section */

/* Begin PBXGroup section */
		F8286CBA27405D6E00B5110D = {
			isa = PBXGroup;
			children = (
				F8286CC527405D6E00B5110D /* PlantControl */,
				F8286CC427405D6E00B5110D /* Products */,
			);
			sourceTree = "<group>";
		};
		F8286CC427405D6E00B5110D /* Products */ = {
			isa = PBXGroup;
			children = (
				F8286CC327405D6E00B5110D /* PlantControl.app */,
			);
			name = Products;
			sourceTree = "<group>";
		};
		F8286CC527405D6E00B5110D /* PlantControl */ = {
			isa = PBXGroup;
			children = (
				F8EF1758274069E70023B718 /* ViewControllers */,
				F8EF175A27406A330023B718 /* Storyboards */,
				F8EF1759274069FB0023B718 /* Models */,
				F8EF175C27406B710023B718 /* App */,
				F8EF175B27406B100023B718 /* Recources */,
			);
			path = PlantControl;
			sourceTree = "<group>";
		};
		F8EF1758274069E70023B718 /* ViewControllers */ = {
			isa = PBXGroup;
			children = (
				F8286CCA27405D6E00B5110D /* ViewController.swift */,
			);
			path = ViewControllers;
			sourceTree = "<group>";
		};
		F8EF1759274069FB0023B718 /* Models */ = {
			isa = PBXGroup;
			children = (
				F8EF1756274067C70023B718 /* Model.swift */,
				F8EF175D27406E420023B718 /* DataManager.swift */,
			);
			path = Models;
			sourceTree = "<group>";
		};
		F8EF175A27406A330023B718 /* Storyboards */ = {
			isa = PBXGroup;
			children = (
				F8286CCC27405D6E00B5110D /* Main.storyboard */,
				F8286CD127405D7000B5110D /* LaunchScreen.storyboard */,
			);
			path = Storyboards;
			sourceTree = "<group>";
		};
		F8EF175B27406B100023B718 /* Recources */ = {
			isa = PBXGroup;
			children = (
				F8286CCF27405D7000B5110D /* Assets.xcassets */,
			);
			path = Recources;
			sourceTree = "<group>";
		};
		F8EF175C27406B710023B718 /* App */ = {
			isa = PBXGroup;
			children = (
				F8286CC627405D6E00B5110D /* AppDelegate.swift */,
				F8286CC827405D6E00B5110D /* SceneDelegate.swift */,
				F8286CD427405D7000B5110D /* Info.plist */,
			);
			path = App;
			sourceTree = "<group>";
		};
/* End PBXGroup section */

/* Begin PBXNativeTarget section */
		F8286CC227405D6E00B5110D /* PlantControl */ = {
			isa = PBXNativeTarget;
			buildConfigurationList = F8286CD727405D7000B5110D /* Build configuration list for PBXNativeTarget "PlantControl" */;
			buildPhases = (
				F8286CBF27405D6E00B5110D /* Sources */,
				F8286CC027405D6E00B5110D /* Frameworks */,
				F8286CC127405D6E00B5110D /* Resources */,
			);
			buildRules = (
			);
			dependencies = (
			);
			name = PlantControl;
			productName = PlantControl;
			productReference = F8286CC327405D6E00B5110D /* PlantControl.app */;
			productType = "com.apple.product-type.application";
		};
/* End PBXNativeTarget section */

/* Begin PBXProject section */
		F8286CBB27405D6E00B5110D /* Project object */ = {
			isa = PBXProject;
			attributes = {
				BuildIndependentTargetsInParallel = 1;
				LastSwiftUpdateCheck = 1310;
				LastUpgradeCheck = 1310;
				TargetAttributes = {
					F8286CC227405D6E00B5110D = {
						CreatedOnToolsVersion = 13.1;
					};
				};
			};
			buildConfigurationList = F8286CBE27405D6E00B5110D /* Build configuration list for PBXProject "PlantControl" */;
			compatibilityVersion = "Xcode 13.0";
			developmentRegion = en;
			hasScannedForEncodings = 0;
			knownRegions = (
				en,
				Base,
			);
			mainGroup = F8286CBA27405D6E00B5110D;
			productRefGroup = F8286CC427405D6E00B5110D /* Products */;
			projectDirPath = "";
			projectRoot = "";
			targets = (
				F8286CC227405D6E00B5110D /* PlantControl */,
			);
		};
/* End PBXProject section */

/* Begin PBXResourcesBuildPhase section */
		F8286CC127405D6E00B5110D /* Resources */ = {
			isa = PBXResourcesBuildPhase;
			buildActionMask = 2147483647;
			files = (
				F8286CD327405D7000B5110D /* LaunchScreen.storyboard in Resources */,
				F8286CD027405D7000B5110D /* Assets.xcassets in Resources */,
				F8286CCE27405D6E00B5110D /* Main.storyboard in Resources */,
			);
			runOnlyForDeploymentPostprocessing = 0;
		};
/* End PBXResourcesBuildPhase section */

/* Begin PBXSourcesBuildPhase section */
		F8286CBF27405D6E00B5110D /* Sources */ = {
			isa = PBXSourcesBuildPhase;
			buildActionMask = 2147483647;
			files = (
				F8286CCB27405D6E00B5110D /* ViewController.swift in Sources */,
				F8EF175E27406E420023B718 /* DataManager.swift in Sources */,
				F8286CC727405D6E00B5110D /* AppDelegate.swift in Sources */,
				F8286CC927405D6E00B5110D /* SceneDelegate.swift in Sources */,
				F8EF1757274067C70023B718 /* Model.swift in Sources */,
			);
			runOnlyForDeploymentPostprocessing = 0;
		};
/* End PBXSourcesBuildPhase section */

/* Begin PBXVariantGroup section */
		F8286CCC27405D6E00B5110D /* Main.storyboard */ = {
			isa = PBXVariantGroup;
			children = (
				F8286CCD27405D6E00B5110D /* Base */,
			);
			name = Main.storyboard;
			sourceTree = "<group>";
		};
		F8286CD127405D7000B5110D /* LaunchScreen.storyboard */ = {
			isa = PBXVariantGroup;
			children = (
				F8286CD227405D7000B5110D /* Base */,
			);
			name = LaunchScreen.storyboard;
			sourceTree = "<group>";
		};
/* End PBXVariantGroup section */

/* Begin XCBuildConfiguration section */
		F8286CD527405D7000B5110D /* Debug */ = {
			isa = XCBuildConfiguration;
			buildSettings = {
				ALWAYS_SEARCH_USER_PATHS = NO;
				CLANG_ANALYZER_NONNULL = YES;
				CLANG_ANALYZER_NUMBER_OBJECT_CONVERSION = YES_AGGRESSIVE;
				CLANG_CXX_LANGUAGE_STANDARD = "gnu++17";
				CLANG_CXX_LIBRARY = "libc++";
				CLANG_ENABLE_MODULES = YES;
				CLANG_ENABLE_OBJC_ARC = YES;
				CLANG_ENABLE_OBJC_WEAK = YES;
				CLANG_WARN_BLOCK_CAPTURE_AUTORELEASING = YES;
				CLANG_WARN_BOOL_CONVERSION = YES;
				CLANG_WARN_COMMA = YES;
				CLANG_WARN_CONSTANT_CONVERSION = YES;
				CLANG_WARN_DEPRECATED_OBJC_IMPLEMENTATIONS = YES;
				CLANG_WARN_DIRECT_OBJC_ISA_USAGE = YES_ERROR;
				CLANG_WARN_DOCUMENTATION_COMMENTS = YES;
				CLANG_WARN_EMPTY_BODY = YES;
				CLANG_WARN_ENUM_CONVERSION = YES;
				CLANG_WARN_INFINITE_RECURSION = YES;
				CLANG_WARN_INT_CONVERSION = YES;
				CLANG_WARN_NON_LITERAL_NULL_CONVERSION = YES;
				CLANG_WARN_OBJC_IMPLICIT_RETAIN_SELF = YES;
				CLANG_WARN_OBJC_LITERAL_CONVERSION = YES;
				CLANG_WARN_OBJC_ROOT_CLASS = YES_ERROR;
				CLANG_WARN_QUOTED_INCLUDE_IN_FRAMEWORK_HEADER = YES;
				CLANG_WARN_RANGE_LOOP_ANALYSIS = YES;
				CLANG_WARN_STRICT_PROTOTYPES = YES;
				CLANG_WARN_SUSPICIOUS_MOVE = YES;
				CLANG_WARN_UNGUARDED_AVAILABILITY = YES_AGGRESSIVE;
				CLANG_WARN_UNREACHABLE_CODE = YES;
				CLANG_WARN__DUPLICATE_METHOD_MATCH = YES;
				COPY_PHASE_STRIP = NO;
				DEBUG_INFORMATION_FORMAT = dwarf;
				ENABLE_STRICT_OBJC_MSGSEND = YES;
				ENABLE_TESTABILITY = YES;
				GCC_C_LANGUAGE_STANDARD = gnu11;
				GCC_DYNAMIC_NO_PIC = NO;
				GCC_NO_COMMON_BLOCKS = YES;
				GCC_OPTIMIZATION_LEVEL = 0;
				GCC_PREPROCESSOR_DEFINITIONS = (
					"DEBUG=1",
					"$(inherited)",
				);
				GCC_WARN_64_TO_32_BIT_CONVERSION = YES;
				GCC_WARN_ABOUT_RETURN_TYPE = YES_ERROR;
				GCC_WARN_UNDECLARED_SELECTOR = YES;
				GCC_WARN_UNINITIALIZED_AUTOS = YES_AGGRESSIVE;
				GCC_WARN_UNUSED_FUNCTION = YES;
				GCC_WARN_UNUSED_VARIABLE = YES;
				IPHONEOS_DEPLOYMENT_TARGET = 15.0;
				MTL_ENABLE_DEBUG_INFO = INCLUDE_SOURCE;
				MTL_FAST_MATH = YES;
				ONLY_ACTIVE_ARCH = YES;
				SDKROOT = iphoneos;
				SWIFT_ACTIVE_COMPILATION_CONDITIONS = DEBUG;
				SWIFT_OPTIMIZATION_LEVEL = "-Onone";
			};
			name = Debug;
		};
		F8286CD627405D7000B5110D /* Release */ = {
			isa = XCBuildConfiguration;
			buildSettings = {
				ALWAYS_SEARCH_USER_PATHS = NO;
				CLANG_ANALYZER_NONNULL = YES;
				CLANG_ANALYZER_NUMBER_OBJECT_CONVERSION = YES_AGGRESSIVE;
				CLANG_CXX_LANGUAGE_STANDARD = "gnu++17";
				CLANG_CXX_LIBRARY = "libc++";
				CLANG_ENABLE_MODULES = YES;
				CLANG_ENABLE_OBJC_ARC = YES;
				CLANG_ENABLE_OBJC_WEAK = YES;
				CLANG_WARN_BLOCK_CAPTURE_AUTORELEASING = YES;
				CLANG_WARN_BOOL_CONVERSION = YES;
				CLANG_WARN_COMMA = YES;
				CLANG_WARN_CONSTANT_CONVERSION = YES;
				CLANG_WARN_DEPRECATED_OBJC_IMPLEMENTATIONS = YES;
				CLANG_WARN_DIRECT_OBJC_ISA_USAGE = YES_ERROR;
				CLANG_WARN_DOCUMENTATION_COMMENTS = YES;
				CLANG_WARN_EMPTY_BODY = YES;
				CLANG_WARN_ENUM_CONVERSION = YES;
				CLANG_WARN_INFINITE_RECURSION = YES;
				CLANG_WARN_INT_CONVERSION = YES;
				CLANG_WARN_NON_LITERAL_NULL_CONVERSION = YES;
				CLANG_WARN_OBJC_IMPLICIT_RETAIN_SELF = YES;
				CLANG_WARN_OBJC_LITERAL_CONVERSION = YES;
				CLANG_WARN_OBJC_ROOT_CLASS = YES_ERROR;
				CLANG_WARN_QUOTED_INCLUDE_IN_FRAMEWORK_HEADER = YES;
				CLANG_WARN_RANGE_LOOP_ANALYSIS = YES;
				CLANG_WARN_STRICT_PROTOTYPES = YES;
				CLANG_WARN_SUSPICIOUS_MOVE = YES;
				CLANG_WARN_UNGUARDED_AVAILABILITY = YES_AGGRESSIVE;
				CLANG_WARN_UNREACHABLE_CODE = YES;
				CLANG_WARN__DUPLICATE_METHOD_MATCH = YES;
				COPY_PHASE_STRIP = NO;
				DEBUG_INFORMATION_FORMAT = "dwarf-with-dsym";
				ENABLE_NS_ASSERTIONS = NO;
				ENABLE_STRICT_OBJC_MSGSEND = YES;
				GCC_C_LANGUAGE_STANDARD = gnu11;
				GCC_NO_COMMON_BLOCKS = YES;
				GCC_WARN_64_TO_32_BIT_CONVERSION = YES;
				GCC_WARN_ABOUT_RETURN_TYPE = YES_ERROR;
				GCC_WARN_UNDECLARED_SELECTOR = YES;
				GCC_WARN_UNINITIALIZED_AUTOS = YES_AGGRESSIVE;
				GCC_WARN_UNUSED_FUNCTION = YES;
				GCC_WARN_UNUSED_VARIABLE = YES;
				IPHONEOS_DEPLOYMENT_TARGET = 15.0;
				MTL_ENABLE_DEBUG_INFO = NO;
				MTL_FAST_MATH = YES;
				SDKROOT = iphoneos;
				SWIFT_COMPILATION_MODE = wholemodule;
				SWIFT_OPTIMIZATION_LEVEL = "-O";
				VALIDATE_PRODUCT = YES;
			};
			name = Release;
		};
		F8286CD827405D7000B5110D /* Debug */ = {
			isa = XCBuildConfiguration;
			buildSettings = {
				ASSETCATALOG_COMPILER_APPICON_NAME = AppIcon;
				ASSETCATALOG_COMPILER_GLOBAL_ACCENT_COLOR_NAME = AccentColor;
				CODE_SIGN_STYLE = Automatic;
				CURRENT_PROJECT_VERSION = 1;
				DEVELOPMENT_TEAM = L8R9RKU3SH;
				GENERATE_INFOPLIST_FILE = YES;
				INFOPLIST_FILE = PlantControl/App/Info.plist;
				INFOPLIST_KEY_UIApplicationSupportsIndirectInputEvents = YES;
				INFOPLIST_KEY_UILaunchStoryboardName = LaunchScreen;
				INFOPLIST_KEY_UIMainStoryboardFile = Main;
				INFOPLIST_KEY_UISupportedInterfaceOrientations_iPad = "UIInterfaceOrientationPortrait UIInterfaceOrientationPortraitUpsideDown UIInterfaceOrientationLandscapeLeft UIInterfaceOrientationLandscapeRight";
				INFOPLIST_KEY_UISupportedInterfaceOrientations_iPhone = "UIInterfaceOrientationPortrait UIInterfaceOrientationLandscapeLeft UIInterfaceOrientationLandscapeRight";
				LD_RUNPATH_SEARCH_PATHS = (
					"$(inherited)",
					"@executable_path/Frameworks",
				);
				MARKETING_VERSION = 1.0;
				PRODUCT_BUNDLE_IDENTIFIER = Vorchun.PlantControl;
				PRODUCT_NAME = "$(TARGET_NAME)";
				SWIFT_EMIT_LOC_STRINGS = YES;
				SWIFT_VERSION = 5.0;
				TARGETED_DEVICE_FAMILY = 1;
			};
			name = Debug;
		};
		F8286CD927405D7000B5110D /* Release */ = {
			isa = XCBuildConfiguration;
			buildSettings = {
				ASSETCATALOG_COMPILER_APPICON_NAME = AppIcon;
				ASSETCATALOG_COMPILER_GLOBAL_ACCENT_COLOR_NAME = AccentColor;
				CODE_SIGN_STYLE = Automatic;
				CURRENT_PROJECT_VERSION = 1;
				DEVELOPMENT_TEAM = L8R9RKU3SH;
				GENERATE_INFOPLIST_FILE = YES;
				INFOPLIST_FILE = PlantControl/App/Info.plist;
				INFOPLIST_KEY_UIApplicationSupportsIndirectInputEvents = YES;
				INFOPLIST_KEY_UILaunchStoryboardName = LaunchScreen;
				INFOPLIST_KEY_UIMainStoryboardFile = Main;
				INFOPLIST_KEY_UISupportedInterfaceOrientations_iPad = "UIInterfaceOrientationPortrait UIInterfaceOrientationPortraitUpsideDown UIInterfaceOrientationLandscapeLeft UIInterfaceOrientationLandscapeRight";
				INFOPLIST_KEY_UISupportedInterfaceOrientations_iPhone = "UIInterfaceOrientationPortrait UIInterfaceOrientationLandscapeLeft UIInterfaceOrientationLandscapeRight";
				LD_RUNPATH_SEARCH_PATHS = (
					"$(inherited)",
					"@executable_path/Frameworks",
				);
				MARKETING_VERSION = 1.0;
				PRODUCT_BUNDLE_IDENTIFIER = Vorchun.PlantControl;
				PRODUCT_NAME = "$(TARGET_NAME)";
				SWIFT_EMIT_LOC_STRINGS = YES;
				SWIFT_VERSION = 5.0;
				TARGETED_DEVICE_FAMILY = 1;
			};
			name = Release;
		};
/* End XCBuildConfiguration section */

/* Begin XCConfigurationList section */
		F8286CBE27405D6E00B5110D /* Build configuration list for PBXProject "PlantControl" */ = {
			isa = XCConfigurationList;
			buildConfigurations = (
				F8286CD527405D7000B5110D /* Debug */,
				F8286CD627405D7000B5110D /* Release */,
			);
			defaultConfigurationIsVisible = 0;
			defaultConfigurationName = Release;
		};
		F8286CD727405D7000B5110D /* Build configuration list for PBXNativeTarget "PlantControl" */ = {
			isa = XCConfigurationList;
			buildConfigurations = (
				F8286CD827405D7000B5110D /* Debug */,
				F8286CD927405D7000B5110D /* Release */,
			);
			defaultConfigurationIsVisible = 0;
			defaultConfigurationName = Release;
		};
/* End XCConfigurationList section */
	};
	rootObject = F8286CBB27405D6E00B5110D /* Project object */;
}
